PODS:
  - LWReachabilityManager (1.0.0)

DEPENDENCIES:
  - LWReachabilityManager (from `../`)

EXTERNAL SOURCES:
  LWReachabilityManager:
    :path: "../"

SPEC CHECKSUMS:
  LWReachabilityManager: 11b55e6ec60d76c1e144f26d5541e827e59f124a

PODFILE CHECKSUM: f2d4f14d4e4d83a8bdaaf98ff28d7be4c6426b7c

COCOAPODS: 1.8.4
